
Microsoft Visual Studio Solution File, Format Version 12.00
# Visual Studio Version 16
VisualStudioVersion = 16.0.810.19
MinimumVisualStudioVersion = 10.0.40219.1
Project("{FAE04EC0-301F-11D3-BF4B-00C04F79EFBC}") = "MySecondConsole", "MySecondConsole\MySecondConsole.csproj", "{3EE56D72-AE3A-4A99-8BCA-9729A04B01B5}"
EndProject
Project("{FAE04EC0-301F-11D3-BF4B-00C04F79EFBC}") = "MyFirstConsole", "MyFirstConsole\MyFirstConsole.csproj", "{0E325959-80DC-467F-B266-B9118485664F}"
EndProject
Project("{FAE04EC0-301F-11D3-BF4B-00C04F79EFBC}") = "dzshka3.1", "dzshka3.1\dzshka3.1.csproj", "{9AE85EFC-6B1B-4B2F-9933-D46AEA09A5B2}"
EndProject
Project("{FAE04EC0-301F-11D3-BF4B-00C04F79EFBC}") = "dzshka3.2", "dzshka3.2\dzshka3.2.csproj", "{D5569681-27EA-411E-8982-D6F3BA1C4D00}"
EndProject
Project("{FAE04EC0-301F-11D3-BF4B-00C04F79EFBC}") = "dzshka4.1", "dzshka4.1\dzshka4.1.csproj", "{09AF334B-5AF8-4125-B8E4-29C79EB37C19}"
EndProject
Project("{FAE04EC0-301F-11D3-BF4B-00C04F79EFBC}") = "dzshka4.2", "dzshka4.2\dzshka4.2.csproj", "{2E074A2C-7865-454B-8D12-F41144C6290B}"
EndProject
Project("{FAE04EC0-301F-11D3-BF4B-00C04F79EFBC}") = "dzshka5.1", "dzshka5.1\dzshka5.1.csproj", "{552A11D3-ADAA-442E-9AC9-C02054CB7C17}"
EndProject
Global
	GlobalSection(SolutionConfigurationPlatforms) = preSolution
		Debug|anycpu = Debug|anycpu
		Release|anycpu = Release|anycpu
	EndGlobalSection
	GlobalSection(ProjectConfigurationPlatforms) = postSolution
		{3EE56D72-AE3A-4A99-8BCA-9729A04B01B5}.Debug|anycpu.ActiveCfg = Debug|anycpu
		{3EE56D72-AE3A-4A99-8BCA-9729A04B01B5}.Debug|anycpu.Build.0 = Debug|anycpu
		{3EE56D72-AE3A-4A99-8BCA-9729A04B01B5}.Release|anycpu.ActiveCfg = Release|anycpu
		{3EE56D72-AE3A-4A99-8BCA-9729A04B01B5}.Release|anycpu.Build.0 = Release|anycpu
		{0E325959-80DC-467F-B266-B9118485664F}.Debug|anycpu.ActiveCfg = Debug|anycpu
		{0E325959-80DC-467F-B266-B9118485664F}.Debug|anycpu.Build.0 = Debug|anycpu
		{0E325959-80DC-467F-B266-B9118485664F}.Release|anycpu.ActiveCfg = Release|anycpu
		{0E325959-80DC-467F-B266-B9118485664F}.Release|anycpu.Build.0 = Release|anycpu
		{9AE85EFC-6B1B-4B2F-9933-D46AEA09A5B2}.Debug|anycpu.ActiveCfg = Debug|anycpu
		{9AE85EFC-6B1B-4B2F-9933-D46AEA09A5B2}.Debug|anycpu.Build.0 = Debug|anycpu
		{9AE85EFC-6B1B-4B2F-9933-D46AEA09A5B2}.Release|anycpu.ActiveCfg = Release|anycpu
		{9AE85EFC-6B1B-4B2F-9933-D46AEA09A5B2}.Release|anycpu.Build.0 = Release|anycpu
		{D5569681-27EA-411E-8982-D6F3BA1C4D00}.Debug|anycpu.ActiveCfg = Debug|anycpu
		{D5569681-27EA-411E-8982-D6F3BA1C4D00}.Debug|anycpu.Build.0 = Debug|anycpu
		{D5569681-27EA-411E-8982-D6F3BA1C4D00}.Release|anycpu.ActiveCfg = Release|anycpu
		{D5569681-27EA-411E-8982-D6F3BA1C4D00}.Release|anycpu.Build.0 = Release|anycpu
		{09AF334B-5AF8-4125-B8E4-29C79EB37C19}.Debug|anycpu.ActiveCfg = Debug|anycpu
		{09AF334B-5AF8-4125-B8E4-29C79EB37C19}.Debug|anycpu.Build.0 = Debug|anycpu
		{09AF334B-5AF8-4125-B8E4-29C79EB37C19}.Release|anycpu.ActiveCfg = Release|anycpu
		{09AF334B-5AF8-4125-B8E4-29C79EB37C19}.Release|anycpu.Build.0 = Release|anycpu
		{2E074A2C-7865-454B-8D12-F41144C6290B}.Debug|anycpu.ActiveCfg = Debug|anycpu
		{2E074A2C-7865-454B-8D12-F41144C6290B}.Debug|anycpu.Build.0 = Debug|anycpu
		{2E074A2C-7865-454B-8D12-F41144C6290B}.Release|anycpu.ActiveCfg = Release|anycpu
		{2E074A2C-7865-454B-8D12-F41144C6290B}.Release|anycpu.Build.0 = Release|anycpu
		{552A11D3-ADAA-442E-9AC9-C02054CB7C17}.Debug|anycpu.ActiveCfg = Debug|anycpu
		{552A11D3-ADAA-442E-9AC9-C02054CB7C17}.Debug|anycpu.Build.0 = Debug|anycpu
		{552A11D3-ADAA-442E-9AC9-C02054CB7C17}.Release|anycpu.ActiveCfg = Release|anycpu
		{552A11D3-ADAA-442E-9AC9-C02054CB7C17}.Release|anycpu.Build.0 = Release|anycpu
	EndGlobalSection
	GlobalSection(SolutionProperties) = preSolution
		HideSolutionNode = FALSE
	EndGlobalSection
	GlobalSection(ExtensibilityGlobals) = postSolution
		SolutionGuid = {4F12804B-39D1-418B-8CE6-538B6110769F}
	EndGlobalSection
EndGlobal
